
Microsoft Visual Studio Solution File, Format Version 12.00
# Visual Studio Version 17
VisualStudioVersion = 17.0.31903.59
MinimumVisualStudioVersion = 10.0.40219.1
Project("{9A19103F-16F7-4668-BE54-9A1E7A4F7556}") = "AppCenterApi", "AppCenterApi\AppCenterApi.csproj", "{0797975B-79B1-4CF5-B604-4716C1D83E24}"
EndProject
Project("{2150E333-8FDC-42A3-9474-1A3956D46DE8}") = "Solution Items", "Solution Items", "{A1F0ED8A-056A-4C12-A32D-54A8F74516EB}"
	ProjectSection(SolutionItems) = preProject
		.dockerignore = .dockerignore
		docker-compose.yaml = docker-compose.yaml
	EndProjectSection
EndProject
Global
	GlobalSection(SolutionConfigurationPlatforms) = preSolution
		Debug|Any CPU = Debug|Any CPU
		Release|Any CPU = Release|Any CPU
	EndGlobalSection
	GlobalSection(ProjectConfigurationPlatforms) = postSolution
		{0797975B-79B1-4CF5-B604-4716C1D83E24}.Debug|Any CPU.ActiveCfg = Debug|Any CPU
		{0797975B-79B1-4CF5-B604-4716C1D83E24}.Debug|Any CPU.Build.0 = Debug|Any CPU
		{0797975B-79B1-4CF5-B604-4716C1D83E24}.Release|Any CPU.ActiveCfg = Release|Any CPU
		{0797975B-79B1-4CF5-B604-4716C1D83E24}.Release|Any CPU.Build.0 = Release|Any CPU
	EndGlobalSection
	GlobalSection(SolutionProperties) = preSolution
		HideSolutionNode = FALSE
	EndGlobalSection
EndGlobal
